// !$*UTF8*$!
{
	archiveVersion = 1;
	classes = {
	};
	objectVersion = 48;
	objects = {

/* Begin PBXBuildFile section */
		0813767F1FB352E5004CCD6C /* AppDelegate.swift in Sources */ = {isa = PBXBuildFile; fileRef = 0813767E1FB352E5004CCD6C /* AppDelegate.swift */; };
		081376811FB352E5004CCD6C /* ViewController.swift in Sources */ = {isa = PBXBuildFile; fileRef = 081376801FB352E5004CCD6C /* ViewController.swift */; };
		081376841FB352E5004CCD6C /* Main.storyboard in Resources */ = {isa = PBXBuildFile; fileRef = 081376821FB352E5004CCD6C /* Main.storyboard */; };
		081376861FB352E5004CCD6C /* Assets.xcassets in Resources */ = {isa = PBXBuildFile; fileRef = 081376851FB352E5004CCD6C /* Assets.xcassets */; };
		081376891FB352E5004CCD6C /* LaunchScreen.storyboard in Resources */ = {isa = PBXBuildFile; fileRef = 081376871FB352E5004CCD6C /* LaunchScreen.storyboard */; };
		081376911FB35442004CCD6C /* AlgorithmsViewController.swift in Sources */ = {isa = PBXBuildFile; fileRef = 081376901FB35442004CCD6C /* AlgorithmsViewController.swift */; };
/* End PBXBuildFile section */

/* Begin PBXFileReference section */
		0813767B1FB352E5004CCD6C /* EclipseAlgorithms.app */ = {isa = PBXFileReference; explicitFileType = wrapper.application; includeInIndex = 0; path = EclipseAlgorithms.app; sourceTree = BUILT_PRODUCTS_DIR; };
		0813767E1FB352E5004CCD6C /* AppDelegate.swift */ = {isa = PBXFileReference; lastKnownFileType = sourcecode.swift; path = AppDelegate.swift; sourceTree = "<group>"; };
		081376801FB352E5004CCD6C /* ViewController.swift */ = {isa = PBXFileReference; lastKnownFileType = sourcecode.swift; path = ViewController.swift; sourceTree = "<group>"; };
		081376831FB352E5004CCD6C /* Base */ = {isa = PBXFileReference; lastKnownFileType = file.storyboard; name = Base; path = Base.lproj/Main.storyboard; sourceTree = "<group>"; };
		081376851FB352E5004CCD6C /* Assets.xcassets */ = {isa = PBXFileReference; lastKnownFileType = folder.assetcatalog; path = Assets.xcassets; sourceTree = "<group>"; };
		081376881FB352E5004CCD6C /* Base */ = {isa = PBXFileReference; lastKnownFileType = file.storyboard; name = Base; path = Base.lproj/LaunchScreen.storyboard; sourceTree = "<group>"; };
		0813768A1FB352E5004CCD6C /* Info.plist */ = {isa = PBXFileReference; lastKnownFileType = text.plist.xml; path = Info.plist; sourceTree = "<group>"; };
		081376901FB35442004CCD6C /* AlgorithmsViewController.swift */ = {isa = PBXFileReference; lastKnownFileType = sourcecode.swift; path = AlgorithmsViewController.swift; sourceTree = "<group>"; };
/* End PBXFileReference section */

/* Begin PBXFrameworksBuildPhase section */
		081376781FB352E5004CCD6C /* Frameworks */ = {
			isa = PBXFrameworksBuildPhase;
			buildActionMask = 2147483647;
			files = (
			);
			runOnlyForDeploymentPostprocessing = 0;
		};
/* End PBXFrameworksBuildPhase section */

/* Begin PBXGroup section */
		081376721FB352E5004CCD6C = {
			isa = PBXGroup;
			children = (
				0813767D1FB352E5004CCD6C /* EclipseAlgorithms */,
				0813767C1FB352E5004CCD6C /* Products */,
			);
			sourceTree = "<group>";
		};
		0813767C1FB352E5004CCD6C /* Products */ = {
			isa = PBXGroup;
			children = (
				0813767B1FB352E5004CCD6C /* EclipseAlgorithms.app */,
			);
			name = Products;
			sourceTree = "<group>";
		};
		0813767D1FB352E5004CCD6C /* EclipseAlgorithms */ = {
			isa = PBXGroup;
			children = (
				0813767E1FB352E5004CCD6C /* AppDelegate.swift */,
				081376801FB352E5004CCD6C /* ViewController.swift */,
				081376821FB352E5004CCD6C /* Main.storyboard */,
				081376851FB352E5004CCD6C /* Assets.xcassets */,
				081376871FB352E5004CCD6C /* LaunchScreen.storyboard */,
				0813768A1FB352E5004CCD6C /* Info.plist */,
				081376901FB35442004CCD6C /* AlgorithmsViewController.swift */,
			);
			path = EclipseAlgorithms;
			sourceTree = "<group>";
		};
/* End PBXGroup section */

/* Begin PBXNativeTarget section */
		0813767A1FB352E5004CCD6C /* EclipseAlgorithms */ = {
			isa = PBXNativeTarget;
			buildConfigurationList = 0813768D1FB352E5004CCD6C /* Build configuration list for PBXNativeTarget "EclipseAlgorithms" */;
			buildPhases = (
				081376771FB352E5004CCD6C /* Sources */,
				081376781FB352E5004CCD6C /* Frameworks */,
				081376791FB352E5004CCD6C /* Resources */,
			);
			buildRules = (
			);
			dependencies = (
			);
			name = EclipseAlgorithms;
			productName = EclipseAlgorithms;
			productReference = 0813767B1FB352E5004CCD6C /* EclipseAlgorithms.app */;
			productType = "com.apple.product-type.application";
		};
/* End PBXNativeTarget section */

/* Begin PBXProject section */
		081376731FB352E5004CCD6C /* Project object */ = {
			isa = PBXProject;
			attributes = {
				LastSwiftUpdateCheck = 0900;
				LastUpgradeCheck = 0900;
				ORGANIZATIONNAME = "Bevan, Tyler";
				TargetAttributes = {
					0813767A1FB352E5004CCD6C = {
						CreatedOnToolsVersion = 9.0;
						ProvisioningStyle = Automatic;
					};
				};
			};
			buildConfigurationList = 081376761FB352E5004CCD6C /* Build configuration list for PBXProject "EclipseAlgorithms" */;
			compatibilityVersion = "Xcode 8.0";
			developmentRegion = en;
			hasScannedForEncodings = 0;
			knownRegions = (
				en,
				Base,
			);
			mainGroup = 081376721FB352E5004CCD6C;
			productRefGroup = 0813767C1FB352E5004CCD6C /* Products */;
			projectDirPath = "";
			projectRoot = "";
			targets = (
				0813767A1FB352E5004CCD6C /* EclipseAlgorithms */,
			);
		};
/* End PBXProject section */

/* Begin PBXResourcesBuildPhase section */
		081376791FB352E5004CCD6C /* Resources */ = {
			isa = PBXResourcesBuildPhase;
			buildActionMask = 2147483647;
			files = (
				081376891FB352E5004CCD6C /* LaunchScreen.storyboard in Resources */,
				081376861FB352E5004CCD6C /* Assets.xcassets in Resources */,
				081376841FB352E5004CCD6C /* Main.storyboard in Resources */,
			);
			runOnlyForDeploymentPostprocessing = 0;
		};
/* End PBXResourcesBuildPhase section */

/* Begin PBXSourcesBuildPhase section */
		081376771FB352E5004CCD6C /* Sources */ = {
			isa = PBXSourcesBuildPhase;
			buildActionMask = 2147483647;
			files = (
				081376811FB352E5004CCD6C /* ViewController.swift in Sources */,
				081376911FB35442004CCD6C /* AlgorithmsViewController.swift in Sources */,
				0813767F1FB352E5004CCD6C /* AppDelegate.swift in Sources */,
			);
			runOnlyForDeploymentPostprocessing = 0;
		};
/* End PBXSourcesBuildPhase section */

/* Begin PBXVariantGroup section */
		081376821FB352E5004CCD6C /* Main.storyboard */ = {
			isa = PBXVariantGroup;
			children = (
				081376831FB352E5004CCD6C /* Base */,
			);
			name = Main.storyboard;
			sourceTree = "<group>";
		};
		081376871FB352E5004CCD6C /* LaunchScreen.storyboard */ = {
			isa = PBXVariantGroup;
			children = (
				081376881FB352E5004CCD6C /* Base */,
			);
			name = LaunchScreen.storyboard;
			sourceTree = "<group>";
		};
/* End PBXVariantGroup section */

/* Begin XCBuildConfiguration section */
		0813768B1FB352E5004CCD6C /* Debug */ = {
			isa = XCBuildConfiguration;
			buildSettings = {
				ALWAYS_SEARCH_USER_PATHS = NO;
				CLANG_ANALYZER_NONNULL = YES;
				CLANG_ANALYZER_NUMBER_OBJECT_CONVERSION = YES_AGGRESSIVE;
				CLANG_CXX_LANGUAGE_STANDARD = "gnu++14";
				CLANG_CXX_LIBRARY = "libc++";
				CLANG_ENABLE_MODULES = YES;
				CLANG_ENABLE_OBJC_ARC = YES;
				CLANG_WARN_BLOCK_CAPTURE_AUTORELEASING = YES;
				CLANG_WARN_BOOL_CONVERSION = YES;
				CLANG_WARN_COMMA = YES;
				CLANG_WARN_CONSTANT_CONVERSION = YES;
				CLANG_WARN_DIRECT_OBJC_ISA_USAGE = YES_ERROR;
				CLANG_WARN_DOCUMENTATION_COMMENTS = YES;
				CLANG_WARN_EMPTY_BODY = YES;
				CLANG_WARN_ENUM_CONVERSION = YES;
				CLANG_WARN_INFINITE_RECURSION = YES;
				CLANG_WARN_INT_CONVERSION = YES;
				CLANG_WARN_NON_LITERAL_NULL_CONVERSION = YES;
				CLANG_WARN_OBJC_LITERAL_CONVERSION = YES;
				CLANG_WARN_OBJC_ROOT_CLASS = YES_ERROR;
				CLANG_WARN_RANGE_LOOP_ANALYSIS = YES;
				CLANG_WARN_STRICT_PROTOTYPES = YES;
				CLANG_WARN_SUSPICIOUS_MOVE = YES;
				CLANG_WARN_UNGUARDED_AVAILABILITY = YES_AGGRESSIVE;
				CLANG_WARN_UNREACHABLE_CODE = YES;
				CLANG_WARN__DUPLICATE_METHOD_MATCH = YES;
				CODE_SIGN_IDENTITY = "iPhone Developer";
				COPY_PHASE_STRIP = NO;
				DEBUG_INFORMATION_FORMAT = dwarf;
				ENABLE_STRICT_OBJC_MSGSEND = YES;
				ENABLE_TESTABILITY = YES;
				GCC_C_LANGUAGE_STANDARD = gnu11;
				GCC_DYNAMIC_NO_PIC = NO;
				GCC_NO_COMMON_BLOCKS = YES;
				GCC_OPTIMIZATION_LEVEL = 0;
				GCC_PREPROCESSOR_DEFINITIONS = (
					"DEBUG=1",
					"$(inherited)",
				);
				GCC_WARN_64_TO_32_BIT_CONVERSION = YES;
				GCC_WARN_ABOUT_RETURN_TYPE = YES_ERROR;
				GCC_WARN_UNDECLARED_SELECTOR = YES;
				GCC_WARN_UNINITIALIZED_AUTOS = YES_AGGRESSIVE;
				GCC_WARN_UNUSED_FUNCTION = YES;
				GCC_WARN_UNUSED_VARIABLE = YES;
				IPHONEOS_DEPLOYMENT_TARGET = 11.0;
				MTL_ENABLE_DEBUG_INFO = YES;
				ONLY_ACTIVE_ARCH = YES;
				SDKROOT = iphoneos;
				SWIFT_ACTIVE_COMPILATION_CONDITIONS = DEBUG;
				SWIFT_OPTIMIZATION_LEVEL = "-Onone";
			};
			name = Debug;
		};
		0813768C1FB352E5004CCD6C /* Release */ = {
			isa = XCBuildConfiguration;
			buildSettings = {
				ALWAYS_SEARCH_USER_PATHS = NO;
				CLANG_ANALYZER_NONNULL = YES;
				CLANG_ANALYZER_NUMBER_OBJECT_CONVERSION = YES_AGGRESSIVE;
				CLANG_CXX_LANGUAGE_STANDARD = "gnu++14";
				CLANG_CXX_LIBRARY = "libc++";
				CLANG_ENABLE_MODULES = YES;
				CLANG_ENABLE_OBJC_ARC = YES;
				CLANG_WARN_BLOCK_CAPTURE_AUTORELEASING = YES;
				CLANG_WARN_BOOL_CONVERSION = YES;
				CLANG_WARN_COMMA = YES;
				CLANG_WARN_CONSTANT_CONVERSION = YES;
				CLANG_WARN_DIRECT_OBJC_ISA_USAGE = YES_ERROR;
				CLANG_WARN_DOCUMENTATION_COMMENTS = YES;
				CLANG_WARN_EMPTY_BODY = YES;
				CLANG_WARN_ENUM_CONVERSION = YES;
				CLANG_WARN_INFINITE_RECURSION = YES;
				CLANG_WARN_INT_CONVERSION = YES;
				CLANG_WARN_NON_LITERAL_NULL_CONVERSION = YES;
				CLANG_WARN_OBJC_LITERAL_CONVERSION = YES;
				CLANG_WARN_OBJC_ROOT_CLASS = YES_ERROR;
				CLANG_WARN_RANGE_LOOP_ANALYSIS = YES;
				CLANG_WARN_STRICT_PROTOTYPES = YES;
				CLANG_WARN_SUSPICIOUS_MOVE = YES;
				CLANG_WARN_UNGUARDED_AVAILABILITY = YES_AGGRESSIVE;
				CLANG_WARN_UNREACHABLE_CODE = YES;
				CLANG_WARN__DUPLICATE_METHOD_MATCH = YES;
				CODE_SIGN_IDENTITY = "iPhone Developer";
				COPY_PHASE_STRIP = NO;
				DEBUG_INFORMATION_FORMAT = "dwarf-with-dsym";
				ENABLE_NS_ASSERTIONS = NO;
				ENABLE_STRICT_OBJC_MSGSEND = YES;
				GCC_C_LANGUAGE_STANDARD = gnu11;
				GCC_NO_COMMON_BLOCKS = YES;
				GCC_WARN_64_TO_32_BIT_CONVERSION = YES;
				GCC_WARN_ABOUT_RETURN_TYPE = YES_ERROR;
				GCC_WARN_UNDECLARED_SELECTOR = YES;
				GCC_WARN_UNINITIALIZED_AUTOS = YES_AGGRESSIVE;
				GCC_WARN_UNUSED_FUNCTION = YES;
				GCC_WARN_UNUSED_VARIABLE = YES;
				IPHONEOS_DEPLOYMENT_TARGET = 11.0;
				MTL_ENABLE_DEBUG_INFO = NO;
				SDKROOT = iphoneos;
				SWIFT_OPTIMIZATION_LEVEL = "-Owholemodule";
				VALIDATE_PRODUCT = YES;
			};
			name = Release;
		};
		0813768E1FB352E5004CCD6C /* Debug */ = {
			isa = XCBuildConfiguration;
			buildSettings = {
				ASSETCATALOG_COMPILER_APPICON_NAME = AppIcon;
				CODE_SIGN_STYLE = Automatic;
				INFOPLIST_FILE = EclipseAlgorithms/Info.plist;
				LD_RUNPATH_SEARCH_PATHS = "$(inherited) @executable_path/Frameworks";
				PRODUCT_BUNDLE_IDENTIFIER = CTEC.EclipseAlgorithms;
				PRODUCT_NAME = "$(TARGET_NAME)";
				SWIFT_VERSION = 4.0;
				TARGETED_DEVICE_FAMILY = "1,2";
			};
			name = Debug;
		};
		0813768F1FB352E5004CCD6C /* Release */ = {
			isa = XCBuildConfiguration;
			buildSettings = {
				ASSETCATALOG_COMPILER_APPICON_NAME = AppIcon;
				CODE_SIGN_STYLE = Automatic;
				INFOPLIST_FILE = EclipseAlgorithms/Info.plist;
				LD_RUNPATH_SEARCH_PATHS = "$(inherited) @executable_path/Frameworks";
				PRODUCT_BUNDLE_IDENTIFIER = CTEC.EclipseAlgorithms;
				PRODUCT_NAME = "$(TARGET_NAME)";
				SWIFT_VERSION = 4.0;
				TARGETED_DEVICE_FAMILY = "1,2";
			};
			name = Release;
		};
/* End XCBuildConfiguration section */

/* Begin XCConfigurationList section */
		081376761FB352E5004CCD6C /* Build configuration list for PBXProject "EclipseAlgorithms" */ = {
			isa = XCConfigurationList;
			buildConfigurations = (
				0813768B1FB352E5004CCD6C /* Debug */,
				0813768C1FB352E5004CCD6C /* Release */,
			);
			defaultConfigurationIsVisible = 0;
			defaultConfigurationName = Release;
		};
		0813768D1FB352E5004CCD6C /* Build configuration list for PBXNativeTarget "EclipseAlgorithms" */ = {
			isa = XCConfigurationList;
			buildConfigurations = (
				0813768E1FB352E5004CCD6C /* Debug */,
				0813768F1FB352E5004CCD6C /* Release */,
			);
			defaultConfigurationIsVisible = 0;
			defaultConfigurationName = Release;
		};
/* End XCConfigurationList section */
	};
	rootObject = 081376731FB352E5004CCD6C /* Project object */;
}
